
Microsoft Visual Studio Solution File, Format Version 12.00
# Visual Studio Version 17
VisualStudioVersion = 17.3.32929.385
MinimumVisualStudioVersion = 10.0.40219.1
Project("{FAE04EC0-301F-11D3-BF4B-00C04F79EFBC}") = "EStudentskaSluzba", "EStudentskaSluzba\EStudentskaSluzba.csproj", "{EA8AFBE7-2F80-46ED-9BCA-EDDBA4224A32}"
EndProject
Global
	GlobalSection(SolutionConfigurationPlatforms) = preSolution
		Debug|Any CPU = Debug|Any CPU
		Release|Any CPU = Release|Any CPU
	EndGlobalSection
	GlobalSection(ProjectConfigurationPlatforms) = postSolution
		{EA8AFBE7-2F80-46ED-9BCA-EDDBA4224A32}.Debug|Any CPU.ActiveCfg = Debug|Any CPU
		{EA8AFBE7-2F80-46ED-9BCA-EDDBA4224A32}.Debug|Any CPU.Build.0 = Debug|Any CPU
		{EA8AFBE7-2F80-46ED-9BCA-EDDBA4224A32}.Release|Any CPU.ActiveCfg = Release|Any CPU
		{EA8AFBE7-2F80-46ED-9BCA-EDDBA4224A32}.Release|Any CPU.Build.0 = Release|Any CPU
	EndGlobalSection
	GlobalSection(SolutionProperties) = preSolution
		HideSolutionNode = FALSE
	EndGlobalSection
	GlobalSection(ExtensibilityGlobals) = postSolution
		SolutionGuid = {207B892A-85A3-41B5-91F8-CB27C2775BF2}
	EndGlobalSection
EndGlobal
